
Microsoft Visual Studio Solution File, Format Version 12.00
# Visual Studio Version 17
VisualStudioVersion = 17.1.32210.238
MinimumVisualStudioVersion = 10.0.40219.1
Project("{FAE04EC0-301F-11D3-BF4B-00C04F79EFBC}") = "Notifications", "Notifications\Notifications.csproj", "{995E57CF-E101-422E-897E-3065C1D962C7}"
EndProject
Project("{FAE04EC0-301F-11D3-BF4B-00C04F79EFBC}") = "Notification_mediator", "Notification_mediator\Notification_mediator.csproj", "{EF0A8941-EE6C-487C-A168-17C5E54850C3}"
EndProject
Project("{FAE04EC0-301F-11D3-BF4B-00C04F79EFBC}") = "NotificationV3", "NotificationV3\NotificationV3.csproj", "{618BFB81-BD67-4267-96C1-B2EB902F8CE6}"
EndProject
Global
	GlobalSection(SolutionConfigurationPlatforms) = preSolution
		Debug|Any CPU = Debug|Any CPU
		Release|Any CPU = Release|Any CPU
	EndGlobalSection
	GlobalSection(ProjectConfigurationPlatforms) = postSolution
		{995E57CF-E101-422E-897E-3065C1D962C7}.Debug|Any CPU.ActiveCfg = Debug|Any CPU
		{995E57CF-E101-422E-897E-3065C1D962C7}.Debug|Any CPU.Build.0 = Debug|Any CPU
		{995E57CF-E101-422E-897E-3065C1D962C7}.Release|Any CPU.ActiveCfg = Release|Any CPU
		{995E57CF-E101-422E-897E-3065C1D962C7}.Release|Any CPU.Build.0 = Release|Any CPU
		{EF0A8941-EE6C-487C-A168-17C5E54850C3}.Debug|Any CPU.ActiveCfg = Debug|Any CPU
		{EF0A8941-EE6C-487C-A168-17C5E54850C3}.Debug|Any CPU.Build.0 = Debug|Any CPU
		{EF0A8941-EE6C-487C-A168-17C5E54850C3}.Release|Any CPU.ActiveCfg = Release|Any CPU
		{EF0A8941-EE6C-487C-A168-17C5E54850C3}.Release|Any CPU.Build.0 = Release|Any CPU
		{618BFB81-BD67-4267-96C1-B2EB902F8CE6}.Debug|Any CPU.ActiveCfg = Debug|Any CPU
		{618BFB81-BD67-4267-96C1-B2EB902F8CE6}.Debug|Any CPU.Build.0 = Debug|Any CPU
		{618BFB81-BD67-4267-96C1-B2EB902F8CE6}.Release|Any CPU.ActiveCfg = Release|Any CPU
		{618BFB81-BD67-4267-96C1-B2EB902F8CE6}.Release|Any CPU.Build.0 = Release|Any CPU
	EndGlobalSection
	GlobalSection(SolutionProperties) = preSolution
		HideSolutionNode = FALSE
	EndGlobalSection
	GlobalSection(ExtensibilityGlobals) = postSolution
		SolutionGuid = {B1CB5A6E-E33E-41C8-BF20-15AE98D52F5A}
	EndGlobalSection
EndGlobal
